
Microsoft Visual Studio Solution File, Format Version 12.00
# Visual Studio Version 16
VisualStudioVersion = 16.0.31729.503
MinimumVisualStudioVersion = 10.0.40219.1
Project("{FAE04EC0-301F-11D3-BF4B-00C04F79EFBC}") = "Maktaba-Class-Library", "Maktaba-Class-Library.csproj", "{FF89B986-807A-43B1-886F-27F9B6F5B515}"
EndProject
Global
	GlobalSection(SolutionConfigurationPlatforms) = preSolution
		Debug|Any CPU = Debug|Any CPU
		Release|Any CPU = Release|Any CPU
	EndGlobalSection
	GlobalSection(ProjectConfigurationPlatforms) = postSolution
		{FF89B986-807A-43B1-886F-27F9B6F5B515}.Debug|Any CPU.ActiveCfg = Debug|Any CPU
		{FF89B986-807A-43B1-886F-27F9B6F5B515}.Debug|Any CPU.Build.0 = Debug|Any CPU
		{FF89B986-807A-43B1-886F-27F9B6F5B515}.Release|Any CPU.ActiveCfg = Release|Any CPU
		{FF89B986-807A-43B1-886F-27F9B6F5B515}.Release|Any CPU.Build.0 = Release|Any CPU
	EndGlobalSection
	GlobalSection(SolutionProperties) = preSolution
		HideSolutionNode = FALSE
	EndGlobalSection
	GlobalSection(ExtensibilityGlobals) = postSolution
		SolutionGuid = {5648B715-F483-4869-8338-CC0FDE3DE1A7}
	EndGlobalSection
EndGlobal
